
Microsoft Visual Studio Solution File, Format Version 12.00
# Visual Studio 15
VisualStudioVersion = 15.0.28010.2036
MinimumVisualStudioVersion = 10.0.40219.1
Project("{FAE04EC0-301F-11D3-BF4B-00C04F79EFBC}") = "PruebaCore", "PruebaCore\PruebaCore.csproj", "{B6CD93A1-3FB5-4EAA-B7EC-4157F6F62CF9}"
EndProject
Global
	GlobalSection(SolutionConfigurationPlatforms) = preSolution
		Debug|Any CPU = Debug|Any CPU
		Release|Any CPU = Release|Any CPU
	EndGlobalSection
	GlobalSection(ProjectConfigurationPlatforms) = postSolution
		{B6CD93A1-3FB5-4EAA-B7EC-4157F6F62CF9}.Debug|Any CPU.ActiveCfg = Debug|Any CPU
		{B6CD93A1-3FB5-4EAA-B7EC-4157F6F62CF9}.Debug|Any CPU.Build.0 = Debug|Any CPU
		{B6CD93A1-3FB5-4EAA-B7EC-4157F6F62CF9}.Release|Any CPU.ActiveCfg = Release|Any CPU
		{B6CD93A1-3FB5-4EAA-B7EC-4157F6F62CF9}.Release|Any CPU.Build.0 = Release|Any CPU
	EndGlobalSection
	GlobalSection(SolutionProperties) = preSolution
		HideSolutionNode = FALSE
	EndGlobalSection
	GlobalSection(ExtensibilityGlobals) = postSolution
		SolutionGuid = {03FCD229-7162-40BC-BE5F-F5BE6DD9E4CA}
	EndGlobalSection
EndGlobal
